
Microsoft Visual Studio Solution File, Format Version 12.00
# Visual Studio Version 16
VisualStudioVersion = 25.0.1706.4
MinimumVisualStudioVersion = 10.0.40219.1
Project("{FAE04EC0-301F-11D3-BF4B-00C04F79EFBC}") = "ProductManagementApp.Web", "ProductManagementApp.Web\ProductManagementApp.Web.csproj", "{6244D691-1441-4691-B4B6-62B61F0AA8C8}"
EndProject
Project("{FAE04EC0-301F-11D3-BF4B-00C04F79EFBC}") = "ProductManagementApp.Domain", "ProductManagementApp.Domain\ProductManagementApp.Domain.csproj", "{6938CB29-65D6-4566-9CF8-775D5AB59D87}"
EndProject
Project("{FAE04EC0-301F-11D3-BF4B-00C04F79EFBC}") = "ProductManagementApp.Services", "ProductManagementApp.Services\ProductManagementApp.Services.csproj", "{E9429F5F-6ACD-4CAE-9613-F2AA9617CDE5}"
EndProject
Project("{FAE04EC0-301F-11D3-BF4B-00C04F79EFBC}") = "ProductManagementApp.WebApp", "ProductManagementApp.WebApp\ProductManagementApp.WebApp.csproj", "{0CFA83E2-D53E-4232-AC5A-2A708AB0A326}"
EndProject
Project("{FAE04EC0-301F-11D3-BF4B-00C04F79EFBC}") = "ProductManagementApp.Tests", "ProductManagementApp.Tests\ProductManagementApp.Tests.csproj", "{17311A9F-D97F-4CFD-9346-F236A012EA3A}"
EndProject
Global
	GlobalSection(SolutionConfigurationPlatforms) = preSolution
		Debug|Any CPU = Debug|Any CPU
		Release|Any CPU = Release|Any CPU
	EndGlobalSection
	GlobalSection(ProjectConfigurationPlatforms) = postSolution
		{6244D691-1441-4691-B4B6-62B61F0AA8C8}.Debug|Any CPU.ActiveCfg = Debug|Any CPU
		{6244D691-1441-4691-B4B6-62B61F0AA8C8}.Debug|Any CPU.Build.0 = Debug|Any CPU
		{6244D691-1441-4691-B4B6-62B61F0AA8C8}.Release|Any CPU.ActiveCfg = Release|Any CPU
		{6244D691-1441-4691-B4B6-62B61F0AA8C8}.Release|Any CPU.Build.0 = Release|Any CPU
		{6938CB29-65D6-4566-9CF8-775D5AB59D87}.Debug|Any CPU.ActiveCfg = Debug|Any CPU
		{6938CB29-65D6-4566-9CF8-775D5AB59D87}.Debug|Any CPU.Build.0 = Debug|Any CPU
		{6938CB29-65D6-4566-9CF8-775D5AB59D87}.Release|Any CPU.ActiveCfg = Release|Any CPU
		{6938CB29-65D6-4566-9CF8-775D5AB59D87}.Release|Any CPU.Build.0 = Release|Any CPU
		{E9429F5F-6ACD-4CAE-9613-F2AA9617CDE5}.Debug|Any CPU.ActiveCfg = Debug|Any CPU
		{E9429F5F-6ACD-4CAE-9613-F2AA9617CDE5}.Debug|Any CPU.Build.0 = Debug|Any CPU
		{E9429F5F-6ACD-4CAE-9613-F2AA9617CDE5}.Release|Any CPU.ActiveCfg = Release|Any CPU
		{E9429F5F-6ACD-4CAE-9613-F2AA9617CDE5}.Release|Any CPU.Build.0 = Release|Any CPU
		{0CFA83E2-D53E-4232-AC5A-2A708AB0A326}.Debug|Any CPU.ActiveCfg = Debug|Any CPU
		{0CFA83E2-D53E-4232-AC5A-2A708AB0A326}.Debug|Any CPU.Build.0 = Debug|Any CPU
		{0CFA83E2-D53E-4232-AC5A-2A708AB0A326}.Release|Any CPU.ActiveCfg = Release|Any CPU
		{0CFA83E2-D53E-4232-AC5A-2A708AB0A326}.Release|Any CPU.Build.0 = Release|Any CPU
		{17311A9F-D97F-4CFD-9346-F236A012EA3A}.Debug|Any CPU.ActiveCfg = Debug|Any CPU
		{17311A9F-D97F-4CFD-9346-F236A012EA3A}.Debug|Any CPU.Build.0 = Debug|Any CPU
		{17311A9F-D97F-4CFD-9346-F236A012EA3A}.Release|Any CPU.ActiveCfg = Release|Any CPU
		{17311A9F-D97F-4CFD-9346-F236A012EA3A}.Release|Any CPU.Build.0 = Release|Any CPU
	EndGlobalSection
	GlobalSection(SolutionProperties) = preSolution
		HideSolutionNode = FALSE
	EndGlobalSection
	GlobalSection(ExtensibilityGlobals) = postSolution
		SolutionGuid = {45FFAA7A-CCDE-4195-BE89-635F627096A3}
	EndGlobalSection
EndGlobal
